# THIS IS AN AUTOGENERATED FILE. DO NOT EDIT THIS FILE DIRECTLY.
# yarn lockfile v1


flow-bin@^0.133.0:
  version "0.133.0"
  resolved "https://registry.yarnpkg.com/flow-bin/-/flow-bin-0.133.0.tgz#2ee44e3f5d0c0256cfe8e99d9a85e9801c281c50"
  integrity sha512-01T5g8GdhtJEn+lhAwuv5zkrMStrmkuHrY3Nn9/aS9y6waNmNgimMKlzRpFH66S0F6Ez9EqU9psz5QaRveSJIA==
